<?xml version="1.0" encoding="utf-8"?>
<Project ToolsVersion="4.0" xmlns="http://schemas.microsoft.com/developer/msbuild/2003">
  <ItemGroup>
    <ClCompile Include="main.cpp" />
    <ClCompile Include="ScalePicker.cpp">
      <Filter>Source Files</Filter>
    </ClCompile>
    <ClCompile Include="CanvasMover.cpp">
      <Filter>Source Files</Filter>
    </ClCompile>
    <ClCompile Include="CanvasSelector.cpp">
      <Filter>Source Files</Filter>
    </ClCompile>
    <ClCompile Include="ContextMenuController.cpp">
      <Filter>Source Files</Filter>
    </ClCompile>
    <ClCompile Include="MyPlotItem.cpp">
      <Filter>Source Files</Filter>
    </ClCompile>
    <ClCompile Include="MyPlotIntervalCurve.cpp">
      <Filter>Source Files</Filter>
    </ClCompile>
    <ClCompile Include="MyPlotMarker.cpp">
      <Filter>Source Files</Filter>
    </ClCompile>
    <ClCompile Include="MyScaleDraw.cpp">
      <Filter>Source Files</Filter>
    </ClCompile>
    <ClCompile Include="PlotRangeMarkers.cpp">
      <Filter>Source Files</Filter>
    </ClCompile>
    <ClCompile Include="CanvasManipulator.cpp">
      <Filter>Source Files</Filter>
    </ClCompile>
    <ClCompile Include="MyPlot.cpp">
      <Filter>Source Files</Filter>
    </ClCompile>
    <ClCompile Include="RegisterController.cpp">
      <Filter>Source Files</Filter>
    </ClCompile>
    <ClCompile Include="StatusView.cpp">
      <Filter>Source Files</Filter>
    </ClCompile>
    <ClCompile Include="AcquisitionStopModeView.cpp">
      <Filter>Source Files</Filter>
    </ClCompile>
    <ClCompile Include="AcquisitionStartModeView.cpp">
      <Filter>Source Files</Filter>
    </ClCompile>
    <ClCompile Include="Controller6991.cpp">
      <Filter>Source Files</Filter>
    </ClCompile>
    <ClCompile Include="ScanRateView.cpp">
      <Filter>Source Files</Filter>
    </ClCompile>
    <ClCompile Include="TwoStateButton.cpp">
      <Filter>Source Files</Filter>
    </ClCompile>
    <ClCompile Include="TestsView.cpp">
      <Filter>Source Files</Filter>
    </ClCompile>
    <ClCompile Include="EnumSelector.cpp">
      <Filter>Source Files</Filter>
    </ClCompile>
  </ItemGroup>
  <ItemGroup>
    <Filter Include="Resource Files">
      <UniqueIdentifier>{D9D6E242-F8AF-46E4-B9FD-80ECBC20BA3E}</UniqueIdentifier>
      <Extensions>qrc;*</Extensions>
      <ParseFiles>false</ParseFiles>
    </Filter>
    <Filter Include="Source Files">
      <UniqueIdentifier>{4FC737F1-C7A5-4376-A066-2A32D752A2FF}</UniqueIdentifier>
      <Extensions>cpp;c;cc;cxx;def;odl;idl;hpj;bat;asm;asmx</Extensions>
      <ParseFiles>true</ParseFiles>
    </Filter>
    <Filter Include="Header Files">
      <UniqueIdentifier>{93995380-89BD-4b04-88EB-625FBE52EBFB}</UniqueIdentifier>
      <Extensions>h;hh;hpp;hxx;hm;inl;inc;xsd</Extensions>
      <ParseFiles>true</ParseFiles>
    </Filter>
    <Filter Include="Header Files\backend">
      <UniqueIdentifier>{1c98d412-84bc-45ac-b37f-f0661712c952}</UniqueIdentifier>
    </Filter>
    <Filter Include="Header Files\frontend">
      <UniqueIdentifier>{b3e03ebb-3a6b-433c-a24b-8d6aa4ee5b85}</UniqueIdentifier>
    </Filter>
    <Filter Include="Header Files\gui">
      <UniqueIdentifier>{9b93e3b1-0351-454f-ad29-399a18d38a7a}</UniqueIdentifier>
    </Filter>
    <Filter Include="Header Files\common">
      <UniqueIdentifier>{d9bd71c3-5a08-4773-9db3-c8d17eeefd2f}</UniqueIdentifier>
    </Filter>
  </ItemGroup>
  <ItemGroup>
    <QtMoc Include="Controller.h">
      <Filter>Header Files\frontend</Filter>
    </QtMoc>
    <QtMoc Include="View.h">
      <Filter>Header Files\gui</Filter>
    </QtMoc>
    <QtMoc Include="AcquisitionGroupView.h">
      <Filter>Header Files\gui</Filter>
    </QtMoc>
    <QtMoc Include="IdentificationGroupView.h">
      <Filter>Header Files\gui</Filter>
    </QtMoc>
    <QtMoc Include="LatchButton.h">
      <Filter>Header Files\gui</Filter>
    </QtMoc>
    <QtMoc Include="Plot.h">
      <Filter>Header Files\gui</Filter>
    </QtMoc>
    <QtMoc Include="CurveBuilderDialog.h">
      <Filter>Header Files\gui</Filter>
    </QtMoc>
    <QtMoc Include="ChannelsGroupSelectionButton.h">
      <Filter>Header Files\gui</Filter>
    </QtMoc>
    <QtMoc Include="ChannelsSelectionView.h">
      <Filter>Header Files\gui</Filter>
    </QtMoc>
    <QtMoc Include="ChannelStatus.h">
      <Filter>Header Files\frontend</Filter>
    </QtMoc>
    <QtMoc Include="DataController.h">
      <Filter>Header Files\frontend</Filter>
    </QtMoc>
    <QtMoc Include="ScalePicker.h">
      <Filter>Header Files\gui</Filter>
    </QtMoc>
    <QtMoc Include="MyPlot.h">
      <Filter>Header Files\gui</Filter>
    </QtMoc>
    <QtMoc Include="CanvasMover.h">
      <Filter>Header Files\gui</Filter>
    </QtMoc>
    <QtMoc Include="CanvasSelector.h">
      <Filter>Header Files\gui</Filter>
    </QtMoc>
    <QtMoc Include="ContextMenuController.h">
      <Filter>Header Files\gui</Filter>
    </QtMoc>
    <QtMoc Include="CanvasManipulator.h">
      <Filter>Header Files\gui</Filter>
    </QtMoc>
    <QtMoc Include="RegisterController.h">
      <Filter>Header Files\gui</Filter>
    </QtMoc>
    <QtMoc Include="AbstractDevice.h">
      <Filter>Header Files\frontend</Filter>
    </QtMoc>
    <QtMoc Include="Controller6991.h">
      <Filter>Header Files\gui</Filter>
    </QtMoc>
    <QtMoc Include="StatusView.h">
      <Filter>Header Files\gui</Filter>
    </QtMoc>
    <QtMoc Include="AcquisitionStopModeView.h">
      <Filter>Header Files\gui</Filter>
    </QtMoc>
    <QtMoc Include="AcquisitionStartModeView.h">
      <Filter>Header Files\gui</Filter>
    </QtMoc>
    <QtMoc Include="ScanRateView.h">
      <Filter>Header Files\gui</Filter>
    </QtMoc>
    <QtMoc Include="TwoStateButton.h">
      <Filter>Header Files\gui</Filter>
    </QtMoc>
    <QtMoc Include="TestsView.h">
      <Filter>Header Files\gui</Filter>
    </QtMoc>
    <QtMoc Include="SmartEnum.h">
      <Filter>Header Files\frontend</Filter>
    </QtMoc>
    <QtMoc Include="EnumSelector.h">
      <Filter>Header Files\gui</Filter>
    </QtMoc>
  </ItemGroup>
  <ItemGroup>
    <ClInclude Include="MyIntervalSymbol.h">
      <Filter>Header Files\gui</Filter>
    </ClInclude>
    <ClInclude Include="MyPlotIntervalCurve.h">
      <Filter>Header Files\gui</Filter>
    </ClInclude>
    <ClInclude Include="MyScaleDraw.h">
      <Filter>Header Files\gui</Filter>
    </ClInclude>
    <ClInclude Include="MyPlotMagnifier.h">
      <Filter>Header Files\gui</Filter>
    </ClInclude>
    <ClInclude Include="MyPlotPanner.h">
      <Filter>Header Files\gui</Filter>
    </ClInclude>
    <ClInclude Include="DataGenerator.h">
      <Filter>Header Files\frontend</Filter>
    </ClInclude>
    <ClInclude Include="DataAcquisitor.h">
      <Filter>Header Files\frontend</Filter>
    </ClInclude>
    <ClInclude Include="MyPickerDragRectMachine.h">
      <Filter>Header Files\gui</Filter>
    </ClInclude>
    <ClInclude Include="MyPlotPicker.h">
      <Filter>Header Files\gui</Filter>
    </ClInclude>
    <ClInclude Include="MyPlotMarker.h">
      <Filter>Header Files\gui</Filter>
    </ClInclude>
    <ClInclude Include="CurvesPositioner.h">
      <Filter>Header Files\frontend</Filter>
    </ClInclude>
    <ClInclude Include="MyPlotItem.h">
      <Filter>Header Files\gui</Filter>
    </ClInclude>
    <ClInclude Include="PlotRangeMarkers.h">
      <Filter>Header Files\gui</Filter>
    </ClInclude>
    <ClInclude Include="PlotItemsContainer.h">
      <Filter>Header Files\frontend</Filter>
    </ClInclude>
    <ClInclude Include="CommandTypes.h">
      <Filter>Header Files\frontend</Filter>
    </ClInclude>
    <ClInclude Include="RegisterTypes.h">
      <Filter>Header Files\frontend</Filter>
    </ClInclude>
    <ClInclude Include="Command.h">
      <Filter>Header Files\frontend</Filter>
    </ClInclude>
    <ClInclude Include="CustomTransitions.h">
      <Filter>Header Files\frontend</Filter>
    </ClInclude>
    <ClInclude Include="Defines.h">
      <Filter>Header Files\common</Filter>
    </ClInclude>
    <ClInclude Include="Test.h">
      <Filter>Header Files\frontend</Filter>
    </ClInclude>
  </ItemGroup>
</Project>