
Microsoft Visual Studio Solution File, Format Version 12.00
# Visual Studio Version 16
VisualStudioVersion = 16.0.29411.108
MinimumVisualStudioVersion = 10.0.40219.1
Project("{8BC9CEB8-8B4A-11D0-8D11-00A0C91BC942}") = "SignalAnalyzer", "SignalAnalyzer.vcxproj", "{D360A360-0047-4913-B84D-CBEB0D1B2DBA}"
EndProject
Global
	GlobalSection(SolutionConfigurationPlatforms) = preSolution
		Debug|Win32 = Debug|Win32
		Debug|x64 = Debug|x64
		Debug|x86 = Debug|x86
		Release|Win32 = Release|Win32
		Release|x64 = Release|x64
		Release|x86 = Release|x86
		Xp|Win32 = Xp|Win32
		Xp|x64 = Xp|x64
		Xp|x86 = Xp|x86
	EndGlobalSection
	GlobalSection(ProjectConfigurationPlatforms) = postSolution
		{D360A360-0047-4913-B84D-CBEB0D1B2DBA}.Debug|Win32.ActiveCfg = Debug|Win32
		{D360A360-0047-4913-B84D-CBEB0D1B2DBA}.Debug|Win32.Build.0 = Debug|Win32
		{D360A360-0047-4913-B84D-CBEB0D1B2DBA}.Debug|x64.ActiveCfg = Debug|x64
		{D360A360-0047-4913-B84D-CBEB0D1B2DBA}.Debug|x64.Build.0 = Debug|x64
		{D360A360-0047-4913-B84D-CBEB0D1B2DBA}.Debug|x86.ActiveCfg = Debug|Win32
		{D360A360-0047-4913-B84D-CBEB0D1B2DBA}.Debug|x86.Build.0 = Debug|Win32
		{D360A360-0047-4913-B84D-CBEB0D1B2DBA}.Release|Win32.ActiveCfg = Release|Win32
		{D360A360-0047-4913-B84D-CBEB0D1B2DBA}.Release|Win32.Build.0 = Release|Win32
		{D360A360-0047-4913-B84D-CBEB0D1B2DBA}.Release|x64.ActiveCfg = Release|x64
		{D360A360-0047-4913-B84D-CBEB0D1B2DBA}.Release|x64.Build.0 = Release|x64
		{D360A360-0047-4913-B84D-CBEB0D1B2DBA}.Release|x86.ActiveCfg = Release|Win32
		{D360A360-0047-4913-B84D-CBEB0D1B2DBA}.Release|x86.Build.0 = Release|Win32
		{D360A360-0047-4913-B84D-CBEB0D1B2DBA}.Xp|Win32.ActiveCfg = Xp|Win32
		{D360A360-0047-4913-B84D-CBEB0D1B2DBA}.Xp|Win32.Build.0 = Xp|Win32
		{D360A360-0047-4913-B84D-CBEB0D1B2DBA}.Xp|x64.ActiveCfg = Xp|x64
		{D360A360-0047-4913-B84D-CBEB0D1B2DBA}.Xp|x64.Build.0 = Xp|x64
		{D360A360-0047-4913-B84D-CBEB0D1B2DBA}.Xp|x86.ActiveCfg = Xp|Win32
		{D360A360-0047-4913-B84D-CBEB0D1B2DBA}.Xp|x86.Build.0 = Xp|Win32
	EndGlobalSection
	GlobalSection(SolutionProperties) = preSolution
		HideSolutionNode = FALSE
	EndGlobalSection
	GlobalSection(ExtensibilityGlobals) = postSolution
		SolutionGuid = {FA517DA6-8F39-40C7-B56E-CEE8F1B4EABD}
	EndGlobalSection
EndGlobal
